
Microsoft Visual Studio Solution File, Format Version 12.00
# Visual Studio Version 17
VisualStudioVersion = 17.7.34003.232
MinimumVisualStudioVersion = 10.0.40219.1
Project("{9A19103F-16F7-4668-BE54-9A1E7A4F7556}") = "Enlighten.Study.Web", "Enlighten.Study.Web\Enlighten.Study.Web.csproj", "{F955D4DA-F781-47F2-836A-3590EC51A39A}"
EndProject
Project("{9A19103F-16F7-4668-BE54-9A1E7A4F7556}") = "Enlighten.Study.Core", "Enlighten.Study.Core\Enlighten.Study.Core.csproj", "{7B8ED288-52E7-437D-89C7-6509C0A22C67}"
EndProject
Project("{9A19103F-16F7-4668-BE54-9A1E7A4F7556}") = "Enlighten.Gpt.Client", "Enlighten.Gpt.Client\Enlighten.Gpt.Client.csproj", "{4A914BB5-9B14-4D1E-A329-06F43FD383B2}"
EndProject
Project("{9A19103F-16F7-4668-BE54-9A1E7A4F7556}") = "Enlighten.Data", "Enlighten.Data\Enlighten.Data.csproj", "{189AA317-B1FE-4C19-8062-A34933A3DB8A}"
EndProject
Project("{2150E333-8FDC-42A3-9474-1A3956D46DE8}") = "Solution Items", "Solution Items", "{9B9355F5-45EA-46CE-93B6-8F998FBC2FB1}"
	ProjectSection(SolutionItems) = preProject
		README.md = README.md
		Databases\Enlighten-initial.mdf = Databases\Enlighten-initial.mdf
	EndProjectSection
EndProject
Project("{9A19103F-16F7-4668-BE54-9A1E7A4F7556}") = "Enlighten.Admin.Web", "Enlighten.Admin.Web\Enlighten.Admin.Web.csproj", "{8D02B3B2-C7EA-4B71-ADE6-2CE23C557C6C}"
EndProject
Project("{9A19103F-16F7-4668-BE54-9A1E7A4F7556}") = "Enlighten.Admin.Core", "Enlighten.Admin.Core\Enlighten.Admin.Core.csproj", "{3DFA83E7-AE3D-4560-A53D-7B592E724FD4}"
EndProject
Global
	GlobalSection(SolutionConfigurationPlatforms) = preSolution
		Debug|Any CPU = Debug|Any CPU
		Release|Any CPU = Release|Any CPU
	EndGlobalSection
	GlobalSection(ProjectConfigurationPlatforms) = postSolution
		{F955D4DA-F781-47F2-836A-3590EC51A39A}.Debug|Any CPU.ActiveCfg = Debug|Any CPU
		{F955D4DA-F781-47F2-836A-3590EC51A39A}.Debug|Any CPU.Build.0 = Debug|Any CPU
		{F955D4DA-F781-47F2-836A-3590EC51A39A}.Release|Any CPU.ActiveCfg = Release|Any CPU
		{F955D4DA-F781-47F2-836A-3590EC51A39A}.Release|Any CPU.Build.0 = Release|Any CPU
		{7B8ED288-52E7-437D-89C7-6509C0A22C67}.Debug|Any CPU.ActiveCfg = Debug|Any CPU
		{7B8ED288-52E7-437D-89C7-6509C0A22C67}.Debug|Any CPU.Build.0 = Debug|Any CPU
		{7B8ED288-52E7-437D-89C7-6509C0A22C67}.Release|Any CPU.ActiveCfg = Release|Any CPU
		{7B8ED288-52E7-437D-89C7-6509C0A22C67}.Release|Any CPU.Build.0 = Release|Any CPU
		{4A914BB5-9B14-4D1E-A329-06F43FD383B2}.Debug|Any CPU.ActiveCfg = Debug|Any CPU
		{4A914BB5-9B14-4D1E-A329-06F43FD383B2}.Debug|Any CPU.Build.0 = Debug|Any CPU
		{4A914BB5-9B14-4D1E-A329-06F43FD383B2}.Release|Any CPU.ActiveCfg = Release|Any CPU
		{4A914BB5-9B14-4D1E-A329-06F43FD383B2}.Release|Any CPU.Build.0 = Release|Any CPU
		{189AA317-B1FE-4C19-8062-A34933A3DB8A}.Debug|Any CPU.ActiveCfg = Debug|Any CPU
		{189AA317-B1FE-4C19-8062-A34933A3DB8A}.Debug|Any CPU.Build.0 = Debug|Any CPU
		{189AA317-B1FE-4C19-8062-A34933A3DB8A}.Release|Any CPU.ActiveCfg = Release|Any CPU
		{189AA317-B1FE-4C19-8062-A34933A3DB8A}.Release|Any CPU.Build.0 = Release|Any CPU
		{8D02B3B2-C7EA-4B71-ADE6-2CE23C557C6C}.Debug|Any CPU.ActiveCfg = Debug|Any CPU
		{8D02B3B2-C7EA-4B71-ADE6-2CE23C557C6C}.Debug|Any CPU.Build.0 = Debug|Any CPU
		{8D02B3B2-C7EA-4B71-ADE6-2CE23C557C6C}.Release|Any CPU.ActiveCfg = Release|Any CPU
		{8D02B3B2-C7EA-4B71-ADE6-2CE23C557C6C}.Release|Any CPU.Build.0 = Release|Any CPU
		{3DFA83E7-AE3D-4560-A53D-7B592E724FD4}.Debug|Any CPU.ActiveCfg = Debug|Any CPU
		{3DFA83E7-AE3D-4560-A53D-7B592E724FD4}.Debug|Any CPU.Build.0 = Debug|Any CPU
		{3DFA83E7-AE3D-4560-A53D-7B592E724FD4}.Release|Any CPU.ActiveCfg = Release|Any CPU
		{3DFA83E7-AE3D-4560-A53D-7B592E724FD4}.Release|Any CPU.Build.0 = Release|Any CPU
	EndGlobalSection
	GlobalSection(SolutionProperties) = preSolution
		HideSolutionNode = FALSE
	EndGlobalSection
	GlobalSection(ExtensibilityGlobals) = postSolution
		SolutionGuid = {0F04B102-56B2-4C17-9BE2-AEA4A6BFF06A}
	EndGlobalSection
EndGlobal
